
Microsoft Visual Studio Solution File, Format Version 11.00
# Visual Studio 2010
Project("{FAE04EC0-301F-11D3-BF4B-00C04F79EFBC}") = "Oculus.Platform", "Oculus.Platform.csproj", "{142d150b-d70e-2c1b-f533-0aba569d6ce0}"
EndProject
Project("{FAE04EC0-301F-11D3-BF4B-00C04F79EFBC}") = "Assembly-CSharp", "Assembly-CSharp.csproj", "{7fb46d2b-11c0-e068-22bf-dda5bb57d747}"
EndProject
Project("{FAE04EC0-301F-11D3-BF4B-00C04F79EFBC}") = "Oculus.Spatializer", "Oculus.Spatializer.csproj", "{b1075847-1c1f-f81a-2f73-4f2ed6d1e7cb}"
EndProject
Project("{FAE04EC0-301F-11D3-BF4B-00C04F79EFBC}") = "Oculus.Interaction", "Oculus.Interaction.csproj", "{2f71340b-5b46-666f-79e3-7d294e74ccf2}"
EndProject
Project("{FAE04EC0-301F-11D3-BF4B-00C04F79EFBC}") = "Facebook.WitAI", "Facebook.WitAI.csproj", "{46be0e73-f5e1-292f-35db-2f68aecf8b63}"
EndProject
Project("{FAE04EC0-301F-11D3-BF4B-00C04F79EFBC}") = "Oculus.VR", "Oculus.VR.csproj", "{c6fdc3d2-8d35-5648-5724-c1f4173038b8}"
EndProject
Project("{FAE04EC0-301F-11D3-BF4B-00C04F79EFBC}") = "Oculus.Interaction.Samples", "Oculus.Interaction.Samples.csproj", "{788f0bf7-bd0d-cfe0-bb1b-5c45fd74b4b0}"
EndProject
Project("{FAE04EC0-301F-11D3-BF4B-00C04F79EFBC}") = "Facebook.Wit.TTS", "Facebook.Wit.TTS.csproj", "{2fc08604-8ba2-5de7-6d04-a2020059fb83}"
EndProject
Project("{FAE04EC0-301F-11D3-BF4B-00C04F79EFBC}") = "Oculus.AudioManager", "Oculus.AudioManager.csproj", "{29ae80af-194e-adf5-8b8b-327d1ba32a5f}"
EndProject
Project("{FAE04EC0-301F-11D3-BF4B-00C04F79EFBC}") = "VoiceSDK.Runtime", "VoiceSDK.Runtime.csproj", "{6d0c3fa0-b2b1-1ec5-78db-8d8652b5d2c2}"
EndProject
Project("{FAE04EC0-301F-11D3-BF4B-00C04F79EFBC}") = "Oculus.Voice.Demo", "Oculus.Voice.Demo.csproj", "{830f7c66-d5c1-90e7-9669-a9a1ad1ccd23}"
EndProject
Project("{FAE04EC0-301F-11D3-BF4B-00C04F79EFBC}") = "AssistantCoreSDKRuntime", "AssistantCoreSDKRuntime.csproj", "{678bd536-a55b-b0a9-2375-4107124ccc04}"
EndProject
Project("{FAE04EC0-301F-11D3-BF4B-00C04F79EFBC}") = "Oculus.LipSync", "Oculus.LipSync.csproj", "{43a5c7bb-8656-a053-0a61-add2e126e7a8}"
EndProject
Project("{FAE04EC0-301F-11D3-BF4B-00C04F79EFBC}") = "Facebook.Wit.TTS.Samples", "Facebook.Wit.TTS.Samples.csproj", "{c757b7f9-ecae-fc89-eaf9-eae37061289d}"
EndProject
Project("{FAE04EC0-301F-11D3-BF4B-00C04F79EFBC}") = "Oculus.Interaction.Editor", "Oculus.Interaction.Editor.csproj", "{aadd5c78-61a3-c2a7-dce0-d0eec7c05737}"
EndProject
Project("{FAE04EC0-301F-11D3-BF4B-00C04F79EFBC}") = "Facebook.Wit.Editor", "Facebook.Wit.Editor.csproj", "{8b9b0b3e-c0d3-1496-d516-00903a170328}"
EndProject
Project("{FAE04EC0-301F-11D3-BF4B-00C04F79EFBC}") = "Assembly-CSharp-Editor", "Assembly-CSharp-Editor.csproj", "{0c235757-ce8e-48fc-3fd3-99c6e03c312b}"
EndProject
Project("{FAE04EC0-301F-11D3-BF4B-00C04F79EFBC}") = "Oculus.Interaction.Samples.Editor", "Oculus.Interaction.Samples.Editor.csproj", "{79cf9945-3450-b3cf-e440-3f6e3a4858c0}"
EndProject
Project("{FAE04EC0-301F-11D3-BF4B-00C04F79EFBC}") = "Oculus.VR.Editor", "Oculus.VR.Editor.csproj", "{81f22a85-a473-ea0e-054b-fba25344fdac}"
EndProject
Project("{FAE04EC0-301F-11D3-BF4B-00C04F79EFBC}") = "VoiceSDK.Editor", "VoiceSDK.Editor.csproj", "{32fc92b2-08a6-30b4-c412-5f4a85ab4d9f}"
EndProject
Project("{FAE04EC0-301F-11D3-BF4B-00C04F79EFBC}") = "Facebook.Wit.TTS.Editor", "Facebook.Wit.TTS.Editor.csproj", "{50e3a7dd-c631-9138-1663-bd30d3832486}"
EndProject
Project("{FAE04EC0-301F-11D3-BF4B-00C04F79EFBC}") = "Oculus.Platform.Editor", "Oculus.Platform.Editor.csproj", "{bbe40f48-6561-e4cf-1cba-00cde29c5ca7}"
EndProject
Project("{FAE04EC0-301F-11D3-BF4B-00C04F79EFBC}") = "Oculus.Spatializer.Editor", "Oculus.Spatializer.Editor.csproj", "{0070f52e-a39d-042f-6a24-716df06c1fa7}"
EndProject
Project("{FAE04EC0-301F-11D3-BF4B-00C04F79EFBC}") = "Oculus.AudioManager.Audio.Editor", "Oculus.AudioManager.Audio.Editor.csproj", "{970ae3f2-e0eb-601c-b439-1fd532e39ca7}"
EndProject
Project("{FAE04EC0-301F-11D3-BF4B-00C04F79EFBC}") = "Oculus.Interaction.InterfaceSupport", "Oculus.Interaction.InterfaceSupport.csproj", "{d65ec9e6-9007-f11f-b3cd-588c8ed443d3}"
EndProject
Project("{FAE04EC0-301F-11D3-BF4B-00C04F79EFBC}") = "Oculus.VR.Scripts.Editor", "Oculus.VR.Scripts.Editor.csproj", "{f3020742-5c07-dbf3-4c39-a91199217a15}"
EndProject
Project("{FAE04EC0-301F-11D3-BF4B-00C04F79EFBC}") = "Oculus.LipSync.Editor", "Oculus.LipSync.Editor.csproj", "{4f97a995-eb2b-f0df-1125-d6b6a39d1be2}"
EndProject
Project("{FAE04EC0-301F-11D3-BF4B-00C04F79EFBC}") = "AssistantCoreSDKEditor", "AssistantCoreSDKEditor.csproj", "{c373789a-aeff-425a-d099-6d13c877b2c7}"
EndProject
Project("{FAE04EC0-301F-11D3-BF4B-00C04F79EFBC}") = "Oculus.AudioManager.Utils.Editor", "Oculus.AudioManager.Utils.Editor.csproj", "{2d2739e3-e746-9343-fda7-b2347cdb3a0d}"
EndProject
Global
	GlobalSection(SolutionConfigurationPlatforms) = preSolution
		Debug|Any CPU = Debug|Any CPU
	EndGlobalSection
	GlobalSection(ProjectConfigurationPlatforms) = postSolution
		{142d150b-d70e-2c1b-f533-0aba569d6ce0}.Debug|Any CPU.ActiveCfg = Debug|Any CPU
		{142d150b-d70e-2c1b-f533-0aba569d6ce0}.Debug|Any CPU.Build.0 = Debug|Any CPU
		{7fb46d2b-11c0-e068-22bf-dda5bb57d747}.Debug|Any CPU.ActiveCfg = Debug|Any CPU
		{7fb46d2b-11c0-e068-22bf-dda5bb57d747}.Debug|Any CPU.Build.0 = Debug|Any CPU
		{b1075847-1c1f-f81a-2f73-4f2ed6d1e7cb}.Debug|Any CPU.ActiveCfg = Debug|Any CPU
		{b1075847-1c1f-f81a-2f73-4f2ed6d1e7cb}.Debug|Any CPU.Build.0 = Debug|Any CPU
		{2f71340b-5b46-666f-79e3-7d294e74ccf2}.Debug|Any CPU.ActiveCfg = Debug|Any CPU
		{2f71340b-5b46-666f-79e3-7d294e74ccf2}.Debug|Any CPU.Build.0 = Debug|Any CPU
		{46be0e73-f5e1-292f-35db-2f68aecf8b63}.Debug|Any CPU.ActiveCfg = Debug|Any CPU
		{46be0e73-f5e1-292f-35db-2f68aecf8b63}.Debug|Any CPU.Build.0 = Debug|Any CPU
		{c6fdc3d2-8d35-5648-5724-c1f4173038b8}.Debug|Any CPU.ActiveCfg = Debug|Any CPU
		{c6fdc3d2-8d35-5648-5724-c1f4173038b8}.Debug|Any CPU.Build.0 = Debug|Any CPU
		{788f0bf7-bd0d-cfe0-bb1b-5c45fd74b4b0}.Debug|Any CPU.ActiveCfg = Debug|Any CPU
		{788f0bf7-bd0d-cfe0-bb1b-5c45fd74b4b0}.Debug|Any CPU.Build.0 = Debug|Any CPU
		{2fc08604-8ba2-5de7-6d04-a2020059fb83}.Debug|Any CPU.ActiveCfg = Debug|Any CPU
		{2fc08604-8ba2-5de7-6d04-a2020059fb83}.Debug|Any CPU.Build.0 = Debug|Any CPU
		{29ae80af-194e-adf5-8b8b-327d1ba32a5f}.Debug|Any CPU.ActiveCfg = Debug|Any CPU
		{29ae80af-194e-adf5-8b8b-327d1ba32a5f}.Debug|Any CPU.Build.0 = Debug|Any CPU
		{6d0c3fa0-b2b1-1ec5-78db-8d8652b5d2c2}.Debug|Any CPU.ActiveCfg = Debug|Any CPU
		{6d0c3fa0-b2b1-1ec5-78db-8d8652b5d2c2}.Debug|Any CPU.Build.0 = Debug|Any CPU
		{830f7c66-d5c1-90e7-9669-a9a1ad1ccd23}.Debug|Any CPU.ActiveCfg = Debug|Any CPU
		{830f7c66-d5c1-90e7-9669-a9a1ad1ccd23}.Debug|Any CPU.Build.0 = Debug|Any CPU
		{678bd536-a55b-b0a9-2375-4107124ccc04}.Debug|Any CPU.ActiveCfg = Debug|Any CPU
		{678bd536-a55b-b0a9-2375-4107124ccc04}.Debug|Any CPU.Build.0 = Debug|Any CPU
		{43a5c7bb-8656-a053-0a61-add2e126e7a8}.Debug|Any CPU.ActiveCfg = Debug|Any CPU
		{43a5c7bb-8656-a053-0a61-add2e126e7a8}.Debug|Any CPU.Build.0 = Debug|Any CPU
		{c757b7f9-ecae-fc89-eaf9-eae37061289d}.Debug|Any CPU.ActiveCfg = Debug|Any CPU
		{c757b7f9-ecae-fc89-eaf9-eae37061289d}.Debug|Any CPU.Build.0 = Debug|Any CPU
		{aadd5c78-61a3-c2a7-dce0-d0eec7c05737}.Debug|Any CPU.ActiveCfg = Debug|Any CPU
		{aadd5c78-61a3-c2a7-dce0-d0eec7c05737}.Debug|Any CPU.Build.0 = Debug|Any CPU
		{8b9b0b3e-c0d3-1496-d516-00903a170328}.Debug|Any CPU.ActiveCfg = Debug|Any CPU
		{8b9b0b3e-c0d3-1496-d516-00903a170328}.Debug|Any CPU.Build.0 = Debug|Any CPU
		{0c235757-ce8e-48fc-3fd3-99c6e03c312b}.Debug|Any CPU.ActiveCfg = Debug|Any CPU
		{0c235757-ce8e-48fc-3fd3-99c6e03c312b}.Debug|Any CPU.Build.0 = Debug|Any CPU
		{79cf9945-3450-b3cf-e440-3f6e3a4858c0}.Debug|Any CPU.ActiveCfg = Debug|Any CPU
		{79cf9945-3450-b3cf-e440-3f6e3a4858c0}.Debug|Any CPU.Build.0 = Debug|Any CPU
		{81f22a85-a473-ea0e-054b-fba25344fdac}.Debug|Any CPU.ActiveCfg = Debug|Any CPU
		{81f22a85-a473-ea0e-054b-fba25344fdac}.Debug|Any CPU.Build.0 = Debug|Any CPU
		{32fc92b2-08a6-30b4-c412-5f4a85ab4d9f}.Debug|Any CPU.ActiveCfg = Debug|Any CPU
		{32fc92b2-08a6-30b4-c412-5f4a85ab4d9f}.Debug|Any CPU.Build.0 = Debug|Any CPU
		{50e3a7dd-c631-9138-1663-bd30d3832486}.Debug|Any CPU.ActiveCfg = Debug|Any CPU
		{50e3a7dd-c631-9138-1663-bd30d3832486}.Debug|Any CPU.Build.0 = Debug|Any CPU
		{bbe40f48-6561-e4cf-1cba-00cde29c5ca7}.Debug|Any CPU.ActiveCfg = Debug|Any CPU
		{bbe40f48-6561-e4cf-1cba-00cde29c5ca7}.Debug|Any CPU.Build.0 = Debug|Any CPU
		{0070f52e-a39d-042f-6a24-716df06c1fa7}.Debug|Any CPU.ActiveCfg = Debug|Any CPU
		{0070f52e-a39d-042f-6a24-716df06c1fa7}.Debug|Any CPU.Build.0 = Debug|Any CPU
		{970ae3f2-e0eb-601c-b439-1fd532e39ca7}.Debug|Any CPU.ActiveCfg = Debug|Any CPU
		{970ae3f2-e0eb-601c-b439-1fd532e39ca7}.Debug|Any CPU.Build.0 = Debug|Any CPU
		{d65ec9e6-9007-f11f-b3cd-588c8ed443d3}.Debug|Any CPU.ActiveCfg = Debug|Any CPU
		{d65ec9e6-9007-f11f-b3cd-588c8ed443d3}.Debug|Any CPU.Build.0 = Debug|Any CPU
		{f3020742-5c07-dbf3-4c39-a91199217a15}.Debug|Any CPU.ActiveCfg = Debug|Any CPU
		{f3020742-5c07-dbf3-4c39-a91199217a15}.Debug|Any CPU.Build.0 = Debug|Any CPU
		{4f97a995-eb2b-f0df-1125-d6b6a39d1be2}.Debug|Any CPU.ActiveCfg = Debug|Any CPU
		{4f97a995-eb2b-f0df-1125-d6b6a39d1be2}.Debug|Any CPU.Build.0 = Debug|Any CPU
		{c373789a-aeff-425a-d099-6d13c877b2c7}.Debug|Any CPU.ActiveCfg = Debug|Any CPU
		{c373789a-aeff-425a-d099-6d13c877b2c7}.Debug|Any CPU.Build.0 = Debug|Any CPU
		{2d2739e3-e746-9343-fda7-b2347cdb3a0d}.Debug|Any CPU.ActiveCfg = Debug|Any CPU
		{2d2739e3-e746-9343-fda7-b2347cdb3a0d}.Debug|Any CPU.Build.0 = Debug|Any CPU
	EndGlobalSection
	GlobalSection(SolutionProperties) = preSolution
		HideSolutionNode = FALSE
	EndGlobalSection
EndGlobal
